
Microsoft Visual Studio Solution File, Format Version 12.00
# Visual Studio Version 17
VisualStudioVersion = 17.5.33530.505
MinimumVisualStudioVersion = 10.0.40219.1
Project("{FAE04EC0-301F-11D3-BF4B-00C04F79EFBC}") = "COF_MACHINE", "COF_MACHINE\COF_MACHINE.csproj", "{13E88DFC-F953-419C-A802-FDD8574CC668}"
EndProject
Project("{54435603-DBB4-11D2-8724-00A0C9A8B90C}") = "COFControllerSetup", "COFControllerSetup\COFControllerSetup.vdproj", "{705C71F6-BCEA-4A84-87B4-8924539D8BDD}"
EndProject
Global
	GlobalSection(SolutionConfigurationPlatforms) = preSolution
		Debug|Any CPU = Debug|Any CPU
		Release|Any CPU = Release|Any CPU
	EndGlobalSection
	GlobalSection(ProjectConfigurationPlatforms) = postSolution
		{13E88DFC-F953-419C-A802-FDD8574CC668}.Debug|Any CPU.ActiveCfg = Debug|Any CPU
		{13E88DFC-F953-419C-A802-FDD8574CC668}.Debug|Any CPU.Build.0 = Debug|Any CPU
		{13E88DFC-F953-419C-A802-FDD8574CC668}.Release|Any CPU.ActiveCfg = Release|Any CPU
		{13E88DFC-F953-419C-A802-FDD8574CC668}.Release|Any CPU.Build.0 = Release|Any CPU
		{705C71F6-BCEA-4A84-87B4-8924539D8BDD}.Debug|Any CPU.ActiveCfg = Debug
		{705C71F6-BCEA-4A84-87B4-8924539D8BDD}.Release|Any CPU.ActiveCfg = Release
	EndGlobalSection
	GlobalSection(SolutionProperties) = preSolution
		HideSolutionNode = FALSE
	EndGlobalSection
	GlobalSection(ExtensibilityGlobals) = postSolution
		SolutionGuid = {C29CB308-94F6-4323-A1AB-51EEF2D20866}
	EndGlobalSection
EndGlobal
